{
  "name": "american-shavian-transliterator",
  "version": "0.1.0",
  "lockfileVersion": 3,
  "requires": true,
  "packages": {
    "": {
      "name": "american-shavian-transliterator",
      "version": "0.1.0",
      "license": "ISC",
      "dependencies": {
        "pronouncing": "github:aparrish/pronouncingjs"
      },
      "devDependencies": {
        "typescript": "^5.3.3"
      }
    },
    "node_modules/pronouncing": {
      "version": "0.0.1",
      "resolved": "git+ssh://git@github.com/aparrish/pronouncingjs.git#3713e548d00000e3e2d1ad7150ef2ea800448ec3",
      "dependencies": {
        "underscore": "^1.8.3"
      }
    },
    "node_modules/typescript": {
      "version": "5.3.3",
      "resolved": "https://registry.npmjs.org/typescript/-/typescript-5.3.3.tgz",
      "integrity": "sha512-pXWcraxM0uxAS+tN0AG/BF2TyqmHO014Z070UsJ+pFvYuRSq8KH8DmWpnbXe0pEPDHXZV3FcAbJkijJ5oNEnWw==",
      "dev": true,
      "bin": {
        "tsc": "bin/tsc",
        "tsserver": "bin/tsserver"
      },
      "engines": {
        "node": ">=14.17"
      }
    },
    "node_modules/underscore": {
      "version": "1.13.6",
      "resolved": "https://registry.npmjs.org/underscore/-/underscore-1.13.6.tgz",
      "integrity": "sha512-+A5Sja4HP1M08MaXya7p5LvjuM7K6q/2EaC0+iovj/wOcMsTzMvDFbasi/oSapiwOlt252IqsKqPjCl7huKS0A=="
    }
  }
}
